// !$*UTF8*$!
{
	archiveVersion = 1;
	classes = {
	};
	objectVersion = 46;
	objects = {

/* Begin PBXBuildFile section */
		F21111E418DC2CA600CDE562 /* graCreateBeaconNameTableViewController.m in Sources */ = {isa = PBXBuildFile; fileRef = F21111E218DC2CA600CDE562 /* graCreateBeaconNameTableViewController.m */; };
		F21111E518DC2CA600CDE562 /* graCreateBeaconNameTableViewController.xib in Resources */ = {isa = PBXBuildFile; fileRef = F21111E318DC2CA600CDE562 /* graCreateBeaconNameTableViewController.xib */; };
		F214B28518DBCE420028286F /* graCreateReminderTableViewController.m in Sources */ = {isa = PBXBuildFile; fileRef = F214B28318DBCE420028286F /* graCreateReminderTableViewController.m */; };
		F214B28618DBCE420028286F /* graCreateReminderTableViewController.xib in Resources */ = {isa = PBXBuildFile; fileRef = F214B28418DBCE420028286F /* graCreateReminderTableViewController.xib */; };
		F260073318DA7D4A00637821 /* graBeaconManagerTableViewController.m in Sources */ = {isa = PBXBuildFile; fileRef = F260073118DA7D4A00637821 /* graBeaconManagerTableViewController.m */; };
		F260073418DA7D4A00637821 /* graBeaconManagerTableViewController.xib in Resources */ = {isa = PBXBuildFile; fileRef = F260073218DA7D4A00637821 /* graBeaconManagerTableViewController.xib */; };
		F26E872318D9DF2500A8D55E /* selectNameForBeaconTableViewController.m in Sources */ = {isa = PBXBuildFile; fileRef = F26E872118D9DF2500A8D55E /* selectNameForBeaconTableViewController.m */; };
		F26E872418D9DF2500A8D55E /* selectNameForBeaconTableViewController.xib in Resources */ = {isa = PBXBuildFile; fileRef = F26E872218D9DF2500A8D55E /* selectNameForBeaconTableViewController.xib */; };
		F2EE4AE118D693DC00E5EEE6 /* Foundation.framework in Frameworks */ = {isa = PBXBuildFile; fileRef = F2EE4AE018D693DC00E5EEE6 /* Foundation.framework */; };
		F2EE4AE318D693DC00E5EEE6 /* CoreGraphics.framework in Frameworks */ = {isa = PBXBuildFile; fileRef = F2EE4AE218D693DC00E5EEE6 /* CoreGraphics.framework */; };
		F2EE4AE518D693DC00E5EEE6 /* UIKit.framework in Frameworks */ = {isa = PBXBuildFile; fileRef = F2EE4AE418D693DC00E5EEE6 /* UIKit.framework */; };
		F2EE4AEB18D693DC00E5EEE6 /* InfoPlist.strings in Resources */ = {isa = PBXBuildFile; fileRef = F2EE4AE918D693DC00E5EEE6 /* InfoPlist.strings */; };
		F2EE4AED18D693DC00E5EEE6 /* main.m in Sources */ = {isa = PBXBuildFile; fileRef = F2EE4AEC18D693DC00E5EEE6 /* main.m */; };
		F2EE4AF118D693DC00E5EEE6 /* graAppDelegate.m in Sources */ = {isa = PBXBuildFile; fileRef = F2EE4AF018D693DC00E5EEE6 /* graAppDelegate.m */; };
		F2EE4AF418D693DC00E5EEE6 /* Main.storyboard in Resources */ = {isa = PBXBuildFile; fileRef = F2EE4AF218D693DC00E5EEE6 /* Main.storyboard */; };
		F2EE4AF718D693DC00E5EEE6 /* graViewController.m in Sources */ = {isa = PBXBuildFile; fileRef = F2EE4AF618D693DC00E5EEE6 /* graViewController.m */; };
		F2EE4AF918D693DC00E5EEE6 /* Images.xcassets in Resources */ = {isa = PBXBuildFile; fileRef = F2EE4AF818D693DC00E5EEE6 /* Images.xcassets */; };
		F2EE4B0018D693DC00E5EEE6 /* XCTest.framework in Frameworks */ = {isa = PBXBuildFile; fileRef = F2EE4AFF18D693DC00E5EEE6 /* XCTest.framework */; };
		F2EE4B0118D693DC00E5EEE6 /* Foundation.framework in Frameworks */ = {isa = PBXBuildFile; fileRef = F2EE4AE018D693DC00E5EEE6 /* Foundation.framework */; };
		F2EE4B0218D693DC00E5EEE6 /* UIKit.framework in Frameworks */ = {isa = PBXBuildFile; fileRef = F2EE4AE418D693DC00E5EEE6 /* UIKit.framework */; };
		F2EE4B0A18D693DC00E5EEE6 /* InfoPlist.strings in Resources */ = {isa = PBXBuildFile; fileRef = F2EE4B0818D693DC00E5EEE6 /* InfoPlist.strings */; };
		F2EE4B0C18D693DC00E5EEE6 /* beaconReminderDemoTests.m in Sources */ = {isa = PBXBuildFile; fileRef = F2EE4B0B18D693DC00E5EEE6 /* beaconReminderDemoTests.m */; };
		F2EE4B1F18D6941900E5EEE6 /* reminderOnBeaconViewController.m in Sources */ = {isa = PBXBuildFile; fileRef = F2EE4B1718D6941900E5EEE6 /* reminderOnBeaconViewController.m */; };
		F2EE4B2018D6941900E5EEE6 /* reminderOnBeaconViewController.xib in Resources */ = {isa = PBXBuildFile; fileRef = F2EE4B1818D6941900E5EEE6 /* reminderOnBeaconViewController.xib */; };
		F2EE4B2118D6941900E5EEE6 /* updateNameViewController.m in Sources */ = {isa = PBXBuildFile; fileRef = F2EE4B1A18D6941900E5EEE6 /* updateNameViewController.m */; };
		F2EE4B2218D6941900E5EEE6 /* updateNameViewController.xib in Resources */ = {isa = PBXBuildFile; fileRef = F2EE4B1B18D6941900E5EEE6 /* updateNameViewController.xib */; };
		F2EE4B2318D6941900E5EEE6 /* AddReminderOfBeacon.m in Sources */ = {isa = PBXBuildFile; fileRef = F2EE4B1D18D6941900E5EEE6 /* AddReminderOfBeacon.m */; };
		F2EE4B2418D6941900E5EEE6 /* AddReminderOfBeacon.xib in Resources */ = {isa = PBXBuildFile; fileRef = F2EE4B1E18D6941900E5EEE6 /* AddReminderOfBeacon.xib */; };
		F2EE4B2718D6946F00E5EEE6 /* iBeaconUser.m in Sources */ = {isa = PBXBuildFile; fileRef = F2EE4B2618D6946F00E5EEE6 /* iBeaconUser.m */; };
		F2EE4B2C18D6964700E5EEE6 /* nearBeaconViewController.m in Sources */ = {isa = PBXBuildFile; fileRef = F2EE4B2A18D6964700E5EEE6 /* nearBeaconViewController.m */; };
		F2EE4B2D18D6964700E5EEE6 /* nearBeaconViewController.xib in Resources */ = {isa = PBXBuildFile; fileRef = F2EE4B2B18D6964700E5EEE6 /* nearBeaconViewController.xib */; };
/* End PBXBuildFile section */

/* Begin PBXContainerItemProxy section */
		F2EE4B0318D693DC00E5EEE6 /* PBXContainerItemProxy */ = {
			isa = PBXContainerItemProxy;
			containerPortal = F2EE4AD518D693DC00E5EEE6 /* Project object */;
			proxyType = 1;
			remoteGlobalIDString = F2EE4ADC18D693DC00E5EEE6;
			remoteInfo = beaconReminderDemo;
		};
/* End PBXContainerItemProxy section */

/* Begin PBXFileReference section */
		F21111E118DC2CA600CDE562 /* graCreateBeaconNameTableViewController.h */ = {isa = PBXFileReference; fileEncoding = 4; lastKnownFileType = sourcecode.c.h; path = graCreateBeaconNameTableViewController.h; sourceTree = "<group>"; };
		F21111E218DC2CA600CDE562 /* graCreateBeaconNameTableViewController.m */ = {isa = PBXFileReference; fileEncoding = 4; lastKnownFileType = sourcecode.c.objc; path = graCreateBeaconNameTableViewController.m; sourceTree = "<group>"; };
		F21111E318DC2CA600CDE562 /* graCreateBeaconNameTableViewController.xib */ = {isa = PBXFileReference; fileEncoding = 4; lastKnownFileType = file.xib; path = graCreateBeaconNameTableViewController.xib; sourceTree = "<group>"; };
		F214B28218DBCE420028286F /* graCreateReminderTableViewController.h */ = {isa = PBXFileReference; fileEncoding = 4; lastKnownFileType = sourcecode.c.h; path = graCreateReminderTableViewController.h; sourceTree = "<group>"; };
		F214B28318DBCE420028286F /* graCreateReminderTableViewController.m */ = {isa = PBXFileReference; fileEncoding = 4; lastKnownFileType = sourcecode.c.objc; path = graCreateReminderTableViewController.m; sourceTree = "<group>"; };
		F214B28418DBCE420028286F /* graCreateReminderTableViewController.xib */ = {isa = PBXFileReference; fileEncoding = 4; lastKnownFileType = file.xib; path = graCreateReminderTableViewController.xib; sourceTree = "<group>"; };
		F260073018DA7D4A00637821 /* graBeaconManagerTableViewController.h */ = {isa = PBXFileReference; fileEncoding = 4; lastKnownFileType = sourcecode.c.h; path = graBeaconManagerTableViewController.h; sourceTree = "<group>"; };
		F260073118DA7D4A00637821 /* graBeaconManagerTableViewController.m */ = {isa = PBXFileReference; fileEncoding = 4; lastKnownFileType = sourcecode.c.objc; path = graBeaconManagerTableViewController.m; sourceTree = "<group>"; };
		F260073218DA7D4A00637821 /* graBeaconManagerTableViewController.xib */ = {isa = PBXFileReference; fileEncoding = 4; lastKnownFileType = file.xib; path = graBeaconManagerTableViewController.xib; sourceTree = "<group>"; };
		F26E872018D9DF2500A8D55E /* selectNameForBeaconTableViewController.h */ = {isa = PBXFileReference; fileEncoding = 4; lastKnownFileType = sourcecode.c.h; path = selectNameForBeaconTableViewController.h; sourceTree = "<group>"; };
		F26E872118D9DF2500A8D55E /* selectNameForBeaconTableViewController.m */ = {isa = PBXFileReference; fileEncoding = 4; lastKnownFileType = sourcecode.c.objc; path = selectNameForBeaconTableViewController.m; sourceTree = "<group>"; };
		F26E872218D9DF2500A8D55E /* selectNameForBeaconTableViewController.xib */ = {isa = PBXFileReference; fileEncoding = 4; lastKnownFileType = file.xib; path = selectNameForBeaconTableViewController.xib; sourceTree = "<group>"; };
		F2EE4ADD18D693DC00E5EEE6 /* beaconReminderDemo.app */ = {isa = PBXFileReference; explicitFileType = wrapper.application; includeInIndex = 0; path = beaconReminderDemo.app; sourceTree = BUILT_PRODUCTS_DIR; };
		F2EE4AE018D693DC00E5EEE6 /* Foundation.framework */ = {isa = PBXFileReference; lastKnownFileType = wrapper.framework; name = Foundation.framework; path = System/Library/Frameworks/Foundation.framework; sourceTree = SDKROOT; };
		F2EE4AE218D693DC00E5EEE6 /* CoreGraphics.framework */ = {isa = PBXFileReference; lastKnownFileType = wrapper.framework; name = CoreGraphics.framework; path = System/Library/Frameworks/CoreGraphics.framework; sourceTree = SDKROOT; };
		F2EE4AE418D693DC00E5EEE6 /* UIKit.framework */ = {isa = PBXFileReference; lastKnownFileType = wrapper.framework; name = UIKit.framework; path = System/Library/Frameworks/UIKit.framework; sourceTree = SDKROOT; };
		F2EE4AE818D693DC00E5EEE6 /* beaconReminderDemo-Info.plist */ = {isa = PBXFileReference; lastKnownFileType = text.plist.xml; path = "beaconReminderDemo-Info.plist"; sourceTree = "<group>"; };
		F2EE4AEA18D693DC00E5EEE6 /* en */ = {isa = PBXFileReference; lastKnownFileType = text.plist.strings; name = en; path = en.lproj/InfoPlist.strings; sourceTree = "<group>"; };
		F2EE4AEC18D693DC00E5EEE6 /* main.m */ = {isa = PBXFileReference; lastKnownFileType = sourcecode.c.objc; path = main.m; sourceTree = "<group>"; };
		F2EE4AEE18D693DC00E5EEE6 /* beaconReminderDemo-Prefix.pch */ = {isa = PBXFileReference; lastKnownFileType = sourcecode.c.h; path = "beaconReminderDemo-Prefix.pch"; sourceTree = "<group>"; };
		F2EE4AEF18D693DC00E5EEE6 /* graAppDelegate.h */ = {isa = PBXFileReference; lastKnownFileType = sourcecode.c.h; path = graAppDelegate.h; sourceTree = "<group>"; };
		F2EE4AF018D693DC00E5EEE6 /* graAppDelegate.m */ = {isa = PBXFileReference; lastKnownFileType = sourcecode.c.objc; path = graAppDelegate.m; sourceTree = "<group>"; };
		F2EE4AF318D693DC00E5EEE6 /* Base */ = {isa = PBXFileReference; lastKnownFileType = file.storyboard; name = Base; path = Base.lproj/Main.storyboard; sourceTree = "<group>"; };
		F2EE4AF518D693DC00E5EEE6 /* graViewController.h */ = {isa = PBXFileReference; lastKnownFileType = sourcecode.c.h; path = graViewController.h; sourceTree = "<group>"; };
		F2EE4AF618D693DC00E5EEE6 /* graViewController.m */ = {isa = PBXFileReference; lastKnownFileType = sourcecode.c.objc; path = graViewController.m; sourceTree = "<group>"; };
		F2EE4AF818D693DC00E5EEE6 /* Images.xcassets */ = {isa = PBXFileReference; lastKnownFileType = folder.assetcatalog; path = Images.xcassets; sourceTree = "<group>"; };
		F2EE4AFE18D693DC00E5EEE6 /* beaconReminderDemoTests.xctest */ = {isa = PBXFileReference; explicitFileType = wrapper.cfbundle; includeInIndex = 0; path = beaconReminderDemoTests.xctest; sourceTree = BUILT_PRODUCTS_DIR; };
		F2EE4AFF18D693DC00E5EEE6 /* XCTest.framework */ = {isa = PBXFileReference; lastKnownFileType = wrapper.framework; name = XCTest.framework; path = Library/Frameworks/XCTest.framework; sourceTree = DEVELOPER_DIR; };
		F2EE4B0718D693DC00E5EEE6 /* beaconReminderDemoTests-Info.plist */ = {isa = PBXFileReference; lastKnownFileType = text.plist.xml; path = "beaconReminderDemoTests-Info.plist"; sourceTree = "<group>"; };
		F2EE4B0918D693DC00E5EEE6 /* en */ = {isa = PBXFileReference; lastKnownFileType = text.plist.strings; name = en; path = en.lproj/InfoPlist.strings; sourceTree = "<group>"; };
		F2EE4B0B18D693DC00E5EEE6 /* beaconReminderDemoTests.m */ = {isa = PBXFileReference; lastKnownFileType = sourcecode.c.objc; path = beaconReminderDemoTests.m; sourceTree = "<group>"; };
		F2EE4B1618D6941900E5EEE6 /* reminderOnBeaconViewController.h */ = {isa = PBXFileReference; fileEncoding = 4; lastKnownFileType = sourcecode.c.h; path = reminderOnBeaconViewController.h; sourceTree = "<group>"; };
		F2EE4B1718D6941900E5EEE6 /* reminderOnBeaconViewController.m */ = {isa = PBXFileReference; fileEncoding = 4; lastKnownFileType = sourcecode.c.objc; path = reminderOnBeaconViewController.m; sourceTree = "<group>"; };
		F2EE4B1818D6941900E5EEE6 /* reminderOnBeaconViewController.xib */ = {isa = PBXFileReference; fileEncoding = 4; lastKnownFileType = file.xib; path = reminderOnBeaconViewController.xib; sourceTree = "<group>"; };
		F2EE4B1918D6941900E5EEE6 /* updateNameViewController.h */ = {isa = PBXFileReference; fileEncoding = 4; lastKnownFileType = sourcecode.c.h; path = updateNameViewController.h; sourceTree = "<group>"; };
		F2EE4B1A18D6941900E5EEE6 /* updateNameViewController.m */ = {isa = PBXFileReference; fileEncoding = 4; lastKnownFileType = sourcecode.c.objc; path = updateNameViewController.m; sourceTree = "<group>"; };
		F2EE4B1B18D6941900E5EEE6 /* updateNameViewController.xib */ = {isa = PBXFileReference; fileEncoding = 4; lastKnownFileType = file.xib; path = updateNameViewController.xib; sourceTree = "<group>"; };
		F2EE4B1C18D6941900E5EEE6 /* AddReminderOfBeacon.h */ = {isa = PBXFileReference; fileEncoding = 4; lastKnownFileType = sourcecode.c.h; path = AddReminderOfBeacon.h; sourceTree = "<group>"; };
		F2EE4B1D18D6941900E5EEE6 /* AddReminderOfBeacon.m */ = {isa = PBXFileReference; fileEncoding = 4; lastKnownFileType = sourcecode.c.objc; path = AddReminderOfBeacon.m; sourceTree = "<group>"; };
		F2EE4B1E18D6941900E5EEE6 /* AddReminderOfBeacon.xib */ = {isa = PBXFileReference; fileEncoding = 4; lastKnownFileType = file.xib; path = AddReminderOfBeacon.xib; sourceTree = "<group>"; };
		F2EE4B2518D6946F00E5EEE6 /* iBeaconUser.h */ = {isa = PBXFileReference; fileEncoding = 4; lastKnownFileType = sourcecode.c.h; path = iBeaconUser.h; sourceTree = "<group>"; };
		F2EE4B2618D6946F00E5EEE6 /* iBeaconUser.m */ = {isa = PBXFileReference; fileEncoding = 4; lastKnownFileType = sourcecode.c.objc; path = iBeaconUser.m; sourceTree = "<group>"; };
		F2EE4B2918D6964700E5EEE6 /* nearBeaconViewController.h */ = {isa = PBXFileReference; fileEncoding = 4; lastKnownFileType = sourcecode.c.h; path = nearBeaconViewController.h; sourceTree = "<group>"; };
		F2EE4B2A18D6964700E5EEE6 /* nearBeaconViewController.m */ = {isa = PBXFileReference; fileEncoding = 4; lastKnownFileType = sourcecode.c.objc; path = nearBeaconViewController.m; sourceTree = "<group>"; };
		F2EE4B2B18D6964700E5EEE6 /* nearBeaconViewController.xib */ = {isa = PBXFileReference; fileEncoding = 4; lastKnownFileType = file.xib; path = nearBeaconViewController.xib; sourceTree = "<group>"; };
/* End PBXFileReference section */

/* Begin PBXFrameworksBuildPhase section */
		F2EE4ADA18D693DC00E5EEE6 /* Frameworks */ = {
			isa = PBXFrameworksBuildPhase;
			buildActionMask = 2147483647;
			files = (
				F2EE4AE318D693DC00E5EEE6 /* CoreGraphics.framework in Frameworks */,
				F2EE4AE518D693DC00E5EEE6 /* UIKit.framework in Frameworks */,
				F2EE4AE118D693DC00E5EEE6 /* Foundation.framework in Frameworks */,
			);
			runOnlyForDeploymentPostprocessing = 0;
		};
		F2EE4AFB18D693DC00E5EEE6 /* Frameworks */ = {
			isa = PBXFrameworksBuildPhase;
			buildActionMask = 2147483647;
			files = (
				F2EE4B0018D693DC00E5EEE6 /* XCTest.framework in Frameworks */,
				F2EE4B0218D693DC00E5EEE6 /* UIKit.framework in Frameworks */,
				F2EE4B0118D693DC00E5EEE6 /* Foundation.framework in Frameworks */,
			);
			runOnlyForDeploymentPostprocessing = 0;
		};
/* End PBXFrameworksBuildPhase section */

/* Begin PBXGroup section */
		F2EE4AD418D693DC00E5EEE6 = {
			isa = PBXGroup;
			children = (
				F2EE4B2818D6947600E5EEE6 /* iBeacon */,
				F2EE4B1518D6941100E5EEE6 /* reminder */,
				F2EE4AE618D693DC00E5EEE6 /* beaconReminderDemo */,
				F2EE4B0518D693DC00E5EEE6 /* beaconReminderDemoTests */,
				F2EE4ADF18D693DC00E5EEE6 /* Frameworks */,
				F2EE4ADE18D693DC00E5EEE6 /* Products */,
			);
			sourceTree = "<group>";
		};
		F2EE4ADE18D693DC00E5EEE6 /* Products */ = {
			isa = PBXGroup;
			children = (
				F2EE4ADD18D693DC00E5EEE6 /* beaconReminderDemo.app */,
				F2EE4AFE18D693DC00E5EEE6 /* beaconReminderDemoTests.xctest */,
			);
			name = Products;
			sourceTree = "<group>";
		};
		F2EE4ADF18D693DC00E5EEE6 /* Frameworks */ = {
			isa = PBXGroup;
			children = (
				F2EE4AE018D693DC00E5EEE6 /* Foundation.framework */,
				F2EE4AE218D693DC00E5EEE6 /* CoreGraphics.framework */,
				F2EE4AE418D693DC00E5EEE6 /* UIKit.framework */,
				F2EE4AFF18D693DC00E5EEE6 /* XCTest.framework */,
			);
			name = Frameworks;
			sourceTree = "<group>";
		};
		F2EE4AE618D693DC00E5EEE6 /* beaconReminderDemo */ = {
			isa = PBXGroup;
			children = (
				F2EE4B2918D6964700E5EEE6 /* nearBeaconViewController.h */,
				F2EE4B2A18D6964700E5EEE6 /* nearBeaconViewController.m */,
				F2EE4B2B18D6964700E5EEE6 /* nearBeaconViewController.xib */,
				F2EE4AEF18D693DC00E5EEE6 /* graAppDelegate.h */,
				F2EE4AF018D693DC00E5EEE6 /* graAppDelegate.m */,
				F2EE4AF218D693DC00E5EEE6 /* Main.storyboard */,
				F2EE4AF518D693DC00E5EEE6 /* graViewController.h */,
				F2EE4AF618D693DC00E5EEE6 /* graViewController.m */,
				F2EE4AF818D693DC00E5EEE6 /* Images.xcassets */,
				F2EE4AE718D693DC00E5EEE6 /* Supporting Files */,
			);
			path = beaconReminderDemo;
			sourceTree = "<group>";
		};
		F2EE4AE718D693DC00E5EEE6 /* Supporting Files */ = {
			isa = PBXGroup;
			children = (
				F2EE4AE818D693DC00E5EEE6 /* beaconReminderDemo-Info.plist */,
				F2EE4AE918D693DC00E5EEE6 /* InfoPlist.strings */,
				F2EE4AEC18D693DC00E5EEE6 /* main.m */,
				F2EE4AEE18D693DC00E5EEE6 /* beaconReminderDemo-Prefix.pch */,
			);
			name = "Supporting Files";
			sourceTree = "<group>";
		};
		F2EE4B0518D693DC00E5EEE6 /* beaconReminderDemoTests */ = {
			isa = PBXGroup;
			children = (
				F2EE4B0B18D693DC00E5EEE6 /* beaconReminderDemoTests.m */,
				F2EE4B0618D693DC00E5EEE6 /* Supporting Files */,
			);
			path = beaconReminderDemoTests;
			sourceTree = "<group>";
		};
		F2EE4B0618D693DC00E5EEE6 /* Supporting Files */ = {
			isa = PBXGroup;
			children = (
				F2EE4B0718D693DC00E5EEE6 /* beaconReminderDemoTests-Info.plist */,
				F2EE4B0818D693DC00E5EEE6 /* InfoPlist.strings */,
			);
			name = "Supporting Files";
			sourceTree = "<group>";
		};
		F2EE4B1518D6941100E5EEE6 /* reminder */ = {
			isa = PBXGroup;
			children = (
				F2EE4B1618D6941900E5EEE6 /* reminderOnBeaconViewController.h */,
				F2EE4B1718D6941900E5EEE6 /* reminderOnBeaconViewController.m */,
				F2EE4B1818D6941900E5EEE6 /* reminderOnBeaconViewController.xib */,
				F2EE4B1918D6941900E5EEE6 /* updateNameViewController.h */,
				F2EE4B1A18D6941900E5EEE6 /* updateNameViewController.m */,
				F2EE4B1B18D6941900E5EEE6 /* updateNameViewController.xib */,
				F2EE4B1C18D6941900E5EEE6 /* AddReminderOfBeacon.h */,
				F2EE4B1D18D6941900E5EEE6 /* AddReminderOfBeacon.m */,
				F2EE4B1E18D6941900E5EEE6 /* AddReminderOfBeacon.xib */,
				F26E872018D9DF2500A8D55E /* selectNameForBeaconTableViewController.h */,
				F26E872118D9DF2500A8D55E /* selectNameForBeaconTableViewController.m */,
				F26E872218D9DF2500A8D55E /* selectNameForBeaconTableViewController.xib */,
				F214B28218DBCE420028286F /* graCreateReminderTableViewController.h */,
				F214B28318DBCE420028286F /* graCreateReminderTableViewController.m */,
				F214B28418DBCE420028286F /* graCreateReminderTableViewController.xib */,
				F21111E118DC2CA600CDE562 /* graCreateBeaconNameTableViewController.h */,
				F21111E218DC2CA600CDE562 /* graCreateBeaconNameTableViewController.m */,
				F21111E318DC2CA600CDE562 /* graCreateBeaconNameTableViewController.xib */,
				F260073018DA7D4A00637821 /* graBeaconManagerTableViewController.h */,
				F260073118DA7D4A00637821 /* graBeaconManagerTableViewController.m */,
				F260073218DA7D4A00637821 /* graBeaconManagerTableViewController.xib */,
			);
			name = reminder;
			sourceTree = "<group>";
		};
		F2EE4B2818D6947600E5EEE6 /* iBeacon */ = {
			isa = PBXGroup;
			children = (
				F2EE4B2518D6946F00E5EEE6 /* iBeaconUser.h */,
				F2EE4B2618D6946F00E5EEE6 /* iBeaconUser.m */,
			);
			name = iBeacon;
			sourceTree = "<group>";
		};
/* End PBXGroup section */

/* Begin PBXNativeTarget section */
		F2EE4ADC18D693DC00E5EEE6 /* beaconReminderDemo */ = {
			isa = PBXNativeTarget;
			buildConfigurationList = F2EE4B0F18D693DC00E5EEE6 /* Build configuration list for PBXNativeTarget "beaconReminderDemo" */;
			buildPhases = (
				F2EE4AD918D693DC00E5EEE6 /* Sources */,
				F2EE4ADA18D693DC00E5EEE6 /* Frameworks */,
				F2EE4ADB18D693DC00E5EEE6 /* Resources */,
			);
			buildRules = (
			);
			dependencies = (
			);
			name = beaconReminderDemo;
			productName = beaconReminderDemo;
			productReference = F2EE4ADD18D693DC00E5EEE6 /* beaconReminderDemo.app */;
			productType = "com.apple.product-type.application";
		};
		F2EE4AFD18D693DC00E5EEE6 /* beaconReminderDemoTests */ = {
			isa = PBXNativeTarget;
			buildConfigurationList = F2EE4B1218D693DC00E5EEE6 /* Build configuration list for PBXNativeTarget "beaconReminderDemoTests" */;
			buildPhases = (
				F2EE4AFA18D693DC00E5EEE6 /* Sources */,
				F2EE4AFB18D693DC00E5EEE6 /* Frameworks */,
				F2EE4AFC18D693DC00E5EEE6 /* Resources */,
			);
			buildRules = (
			);
			dependencies = (
				F2EE4B0418D693DC00E5EEE6 /* PBXTargetDependency */,
			);
			name = beaconReminderDemoTests;
			productName = beaconReminderDemoTests;
			productReference = F2EE4AFE18D693DC00E5EEE6 /* beaconReminderDemoTests.xctest */;
			productType = "com.apple.product-type.bundle.unit-test";
		};
/* End PBXNativeTarget section */

/* Begin PBXProject section */
		F2EE4AD518D693DC00E5EEE6 /* Project object */ = {
			isa = PBXProject;
			attributes = {
				CLASSPREFIX = gra;
				LastUpgradeCheck = 0510;
				ORGANIZATIONNAME = "li lin";
				TargetAttributes = {
					F2EE4ADC18D693DC00E5EEE6 = {
						DevelopmentTeam = 29T9RVU57K;
					};
					F2EE4AFD18D693DC00E5EEE6 = {
						TestTargetID = F2EE4ADC18D693DC00E5EEE6;
					};
				};
			};
			buildConfigurationList = F2EE4AD818D693DC00E5EEE6 /* Build configuration list for PBXProject "beaconReminderDemo" */;
			compatibilityVersion = "Xcode 3.2";
			developmentRegion = English;
			hasScannedForEncodings = 0;
			knownRegions = (
				en,
				Base,
			);
			mainGroup = F2EE4AD418D693DC00E5EEE6;
			productRefGroup = F2EE4ADE18D693DC00E5EEE6 /* Products */;
			projectDirPath = "";
			projectRoot = "";
			targets = (
				F2EE4ADC18D693DC00E5EEE6 /* beaconReminderDemo */,
				F2EE4AFD18D693DC00E5EEE6 /* beaconReminderDemoTests */,
			);
		};
/* End PBXProject section */

/* Begin PBXResourcesBuildPhase section */
		F2EE4ADB18D693DC00E5EEE6 /* Resources */ = {
			isa = PBXResourcesBuildPhase;
			buildActionMask = 2147483647;
			files = (
				F2EE4AF918D693DC00E5EEE6 /* Images.xcassets in Resources */,
				F2EE4B2018D6941900E5EEE6 /* reminderOnBeaconViewController.xib in Resources */,
				F260073418DA7D4A00637821 /* graBeaconManagerTableViewController.xib in Resources */,
				F26E872418D9DF2500A8D55E /* selectNameForBeaconTableViewController.xib in Resources */,
				F2EE4B2D18D6964700E5EEE6 /* nearBeaconViewController.xib in Resources */,
				F21111E518DC2CA600CDE562 /* graCreateBeaconNameTableViewController.xib in Resources */,
				F2EE4B2418D6941900E5EEE6 /* AddReminderOfBeacon.xib in Resources */,
				F214B28618DBCE420028286F /* graCreateReminderTableViewController.xib in Resources */,
				F2EE4AEB18D693DC00E5EEE6 /* InfoPlist.strings in Resources */,
				F2EE4AF418D693DC00E5EEE6 /* Main.storyboard in Resources */,
				F2EE4B2218D6941900E5EEE6 /* updateNameViewController.xib in Resources */,
			);
			runOnlyForDeploymentPostprocessing = 0;
		};
		F2EE4AFC18D693DC00E5EEE6 /* Resources */ = {
			isa = PBXResourcesBuildPhase;
			buildActionMask = 2147483647;
			files = (
				F2EE4B0A18D693DC00E5EEE6 /* InfoPlist.strings in Resources */,
			);
			runOnlyForDeploymentPostprocessing = 0;
		};
/* End PBXResourcesBuildPhase section */

/* Begin PBXSourcesBuildPhase section */
		F2EE4AD918D693DC00E5EEE6 /* Sources */ = {
			isa = PBXSourcesBuildPhase;
			buildActionMask = 2147483647;
			files = (
				F2EE4AED18D693DC00E5EEE6 /* main.m in Sources */,
				F2EE4AF118D693DC00E5EEE6 /* graAppDelegate.m in Sources */,
				F2EE4B2C18D6964700E5EEE6 /* nearBeaconViewController.m in Sources */,
				F260073318DA7D4A00637821 /* graBeaconManagerTableViewController.m in Sources */,
				F214B28518DBCE420028286F /* graCreateReminderTableViewController.m in Sources */,
				F2EE4B1F18D6941900E5EEE6 /* reminderOnBeaconViewController.m in Sources */,
				F2EE4AF718D693DC00E5EEE6 /* graViewController.m in Sources */,
				F26E872318D9DF2500A8D55E /* selectNameForBeaconTableViewController.m in Sources */,
				F21111E418DC2CA600CDE562 /* graCreateBeaconNameTableViewController.m in Sources */,
				F2EE4B2318D6941900E5EEE6 /* AddReminderOfBeacon.m in Sources */,
				F2EE4B2118D6941900E5EEE6 /* updateNameViewController.m in Sources */,
				F2EE4B2718D6946F00E5EEE6 /* iBeaconUser.m in Sources */,
			);
			runOnlyForDeploymentPostprocessing = 0;
		};
		F2EE4AFA18D693DC00E5EEE6 /* Sources */ = {
			isa = PBXSourcesBuildPhase;
			buildActionMask = 2147483647;
			files = (
				F2EE4B0C18D693DC00E5EEE6 /* beaconReminderDemoTests.m in Sources */,
			);
			runOnlyForDeploymentPostprocessing = 0;
		};
/* End PBXSourcesBuildPhase section */

/* Begin PBXTargetDependency section */
		F2EE4B0418D693DC00E5EEE6 /* PBXTargetDependency */ = {
			isa = PBXTargetDependency;
			target = F2EE4ADC18D693DC00E5EEE6 /* beaconReminderDemo */;
			targetProxy = F2EE4B0318D693DC00E5EEE6 /* PBXContainerItemProxy */;
		};
/* End PBXTargetDependency section */

/* Begin PBXVariantGroup section */
		F2EE4AE918D693DC00E5EEE6 /* InfoPlist.strings */ = {
			isa = PBXVariantGroup;
			children = (
				F2EE4AEA18D693DC00E5EEE6 /* en */,
			);
			name = InfoPlist.strings;
			sourceTree = "<group>";
		};
		F2EE4AF218D693DC00E5EEE6 /* Main.storyboard */ = {
			isa = PBXVariantGroup;
			children = (
				F2EE4AF318D693DC00E5EEE6 /* Base */,
			);
			name = Main.storyboard;
			sourceTree = "<group>";
		};
		F2EE4B0818D693DC00E5EEE6 /* InfoPlist.strings */ = {
			isa = PBXVariantGroup;
			children = (
				F2EE4B0918D693DC00E5EEE6 /* en */,
			);
			name = InfoPlist.strings;
			sourceTree = "<group>";
		};
/* End PBXVariantGroup section */

/* Begin XCBuildConfiguration section */
		F2EE4B0D18D693DC00E5EEE6 /* Debug */ = {
			isa = XCBuildConfiguration;
			buildSettings = {
				ALWAYS_SEARCH_USER_PATHS = NO;
				CLANG_CXX_LANGUAGE_STANDARD = "gnu++0x";
				CLANG_CXX_LIBRARY = "libc++";
				CLANG_ENABLE_MODULES = YES;
				CLANG_ENABLE_OBJC_ARC = YES;
				CLANG_WARN_BOOL_CONVERSION = YES;
				CLANG_WARN_CONSTANT_CONVERSION = YES;
				CLANG_WARN_DIRECT_OBJC_ISA_USAGE = YES_ERROR;
				CLANG_WARN_EMPTY_BODY = YES;
				CLANG_WARN_ENUM_CONVERSION = YES;
				CLANG_WARN_INT_CONVERSION = YES;
				CLANG_WARN_OBJC_ROOT_CLASS = YES_ERROR;
				CLANG_WARN__DUPLICATE_METHOD_MATCH = YES;
				"CODE_SIGN_IDENTITY[sdk=iphoneos*]" = "iPhone Developer";
				COPY_PHASE_STRIP = NO;
				GCC_C_LANGUAGE_STANDARD = gnu99;
				GCC_DYNAMIC_NO_PIC = NO;
				GCC_OPTIMIZATION_LEVEL = 0;
				GCC_PREPROCESSOR_DEFINITIONS = (
					"DEBUG=1",
					"$(inherited)",
				);
				GCC_SYMBOLS_PRIVATE_EXTERN = NO;
				GCC_WARN_64_TO_32_BIT_CONVERSION = YES;
				GCC_WARN_ABOUT_RETURN_TYPE = YES_ERROR;
				GCC_WARN_UNDECLARED_SELECTOR = YES;
				GCC_WARN_UNINITIALIZED_AUTOS = YES_AGGRESSIVE;
				GCC_WARN_UNUSED_FUNCTION = YES;
				GCC_WARN_UNUSED_VARIABLE = YES;
				IPHONEOS_DEPLOYMENT_TARGET = 7.1;
				ONLY_ACTIVE_ARCH = YES;
				SDKROOT = iphoneos;
			};
			name = Debug;
		};
		F2EE4B0E18D693DC00E5EEE6 /* Release */ = {
			isa = XCBuildConfiguration;
			buildSettings = {
				ALWAYS_SEARCH_USER_PATHS = NO;
				CLANG_CXX_LANGUAGE_STANDARD = "gnu++0x";
				CLANG_CXX_LIBRARY = "libc++";
				CLANG_ENABLE_MODULES = YES;
				CLANG_ENABLE_OBJC_ARC = YES;
				CLANG_WARN_BOOL_CONVERSION = YES;
				CLANG_WARN_CONSTANT_CONVERSION = YES;
				CLANG_WARN_DIRECT_OBJC_ISA_USAGE = YES_ERROR;
				CLANG_WARN_EMPTY_BODY = YES;
				CLANG_WARN_ENUM_CONVERSION = YES;
				CLANG_WARN_INT_CONVERSION = YES;
				CLANG_WARN_OBJC_ROOT_CLASS = YES_ERROR;
				CLANG_WARN__DUPLICATE_METHOD_MATCH = YES;
				"CODE_SIGN_IDENTITY[sdk=iphoneos*]" = "iPhone Developer";
				COPY_PHASE_STRIP = YES;
				ENABLE_NS_ASSERTIONS = NO;
				GCC_C_LANGUAGE_STANDARD = gnu99;
				GCC_WARN_64_TO_32_BIT_CONVERSION = YES;
				GCC_WARN_ABOUT_RETURN_TYPE = YES_ERROR;
				GCC_WARN_UNDECLARED_SELECTOR = YES;
				GCC_WARN_UNINITIALIZED_AUTOS = YES_AGGRESSIVE;
				GCC_WARN_UNUSED_FUNCTION = YES;
				GCC_WARN_UNUSED_VARIABLE = YES;
				IPHONEOS_DEPLOYMENT_TARGET = 7.1;
				SDKROOT = iphoneos;
				VALIDATE_PRODUCT = YES;
			};
			name = Release;
		};
		F2EE4B1018D693DC00E5EEE6 /* Debug */ = {
			isa = XCBuildConfiguration;
			buildSettings = {
				ASSETCATALOG_COMPILER_APPICON_NAME = AppIcon;
				ASSETCATALOG_COMPILER_LAUNCHIMAGE_NAME = LaunchImage;
				CODE_SIGN_IDENTITY = "iPhone Developer";
				GCC_PRECOMPILE_PREFIX_HEADER = YES;
				GCC_PREFIX_HEADER = "beaconReminderDemo/beaconReminderDemo-Prefix.pch";
				INFOPLIST_FILE = "beaconReminderDemo/beaconReminderDemo-Info.plist";
				IPHONEOS_DEPLOYMENT_TARGET = 6.1;
				PRODUCT_NAME = "$(TARGET_NAME)";
				WRAPPER_EXTENSION = app;
			};
			name = Debug;
		};
		F2EE4B1118D693DC00E5EEE6 /* Release */ = {
			isa = XCBuildConfiguration;
			buildSettings = {
				ASSETCATALOG_COMPILER_APPICON_NAME = AppIcon;
				ASSETCATALOG_COMPILER_LAUNCHIMAGE_NAME = LaunchImage;
				CODE_SIGN_IDENTITY = "iPhone Developer";
				GCC_PRECOMPILE_PREFIX_HEADER = YES;
				GCC_PREFIX_HEADER = "beaconReminderDemo/beaconReminderDemo-Prefix.pch";
				INFOPLIST_FILE = "beaconReminderDemo/beaconReminderDemo-Info.plist";
				IPHONEOS_DEPLOYMENT_TARGET = 6.1;
				PRODUCT_NAME = "$(TARGET_NAME)";
				WRAPPER_EXTENSION = app;
			};
			name = Release;
		};
		F2EE4B1318D693DC00E5EEE6 /* Debug */ = {
			isa = XCBuildConfiguration;
			buildSettings = {
				BUNDLE_LOADER = "$(BUILT_PRODUCTS_DIR)/beaconReminderDemo.app/beaconReminderDemo";
				FRAMEWORK_SEARCH_PATHS = (
					"$(SDKROOT)/Developer/Library/Frameworks",
					"$(inherited)",
					"$(DEVELOPER_FRAMEWORKS_DIR)",
				);
				GCC_PRECOMPILE_PREFIX_HEADER = YES;
				GCC_PREFIX_HEADER = "beaconReminderDemo/beaconReminderDemo-Prefix.pch";
				GCC_PREPROCESSOR_DEFINITIONS = (
					"DEBUG=1",
					"$(inherited)",
				);
				INFOPLIST_FILE = "beaconReminderDemoTests/beaconReminderDemoTests-Info.plist";
				PRODUCT_NAME = "$(TARGET_NAME)";
				TEST_HOST = "$(BUNDLE_LOADER)";
				WRAPPER_EXTENSION = xctest;
			};
			name = Debug;
		};
		F2EE4B1418D693DC00E5EEE6 /* Release */ = {
			isa = XCBuildConfiguration;
			buildSettings = {
				BUNDLE_LOADER = "$(BUILT_PRODUCTS_DIR)/beaconReminderDemo.app/beaconReminderDemo";
				FRAMEWORK_SEARCH_PATHS = (
					"$(SDKROOT)/Developer/Library/Frameworks",
					"$(inherited)",
					"$(DEVELOPER_FRAMEWORKS_DIR)",
				);
				GCC_PRECOMPILE_PREFIX_HEADER = YES;
				GCC_PREFIX_HEADER = "beaconReminderDemo/beaconReminderDemo-Prefix.pch";
				INFOPLIST_FILE = "beaconReminderDemoTests/beaconReminderDemoTests-Info.plist";
				PRODUCT_NAME = "$(TARGET_NAME)";
				TEST_HOST = "$(BUNDLE_LOADER)";
				WRAPPER_EXTENSION = xctest;
			};
			name = Release;
		};
/* End XCBuildConfiguration section */

/* Begin XCConfigurationList section */
		F2EE4AD818D693DC00E5EEE6 /* Build configuration list for PBXProject "beaconReminderDemo" */ = {
			isa = XCConfigurationList;
			buildConfigurations = (
				F2EE4B0D18D693DC00E5EEE6 /* Debug */,
				F2EE4B0E18D693DC00E5EEE6 /* Release */,
			);
			defaultConfigurationIsVisible = 0;
			defaultConfigurationName = Release;
		};
		F2EE4B0F18D693DC00E5EEE6 /* Build configuration list for PBXNativeTarget "beaconReminderDemo" */ = {
			isa = XCConfigurationList;
			buildConfigurations = (
				F2EE4B1018D693DC00E5EEE6 /* Debug */,
				F2EE4B1118D693DC00E5EEE6 /* Release */,
			);
			defaultConfigurationIsVisible = 0;
			defaultConfigurationName = Release;
		};
		F2EE4B1218D693DC00E5EEE6 /* Build configuration list for PBXNativeTarget "beaconReminderDemoTests" */ = {
			isa = XCConfigurationList;
			buildConfigurations = (
				F2EE4B1318D693DC00E5EEE6 /* Debug */,
				F2EE4B1418D693DC00E5EEE6 /* Release */,
			);
			defaultConfigurationIsVisible = 0;
			defaultConfigurationName = Release;
		};
/* End XCConfigurationList section */
	};
	rootObject = F2EE4AD518D693DC00E5EEE6 /* Project object */;
}
